
Microsoft Visual Studio Solution File, Format Version 12.00
# Visual Studio Version 18
VisualStudioVersion = 18.2.11415.280
MinimumVisualStudioVersion = 10.0.40219.1
Project("{FAE04EC0-301F-11D3-BF4B-00C04F79EFBC}") = "Mapify.NET", "Mapify\Mapify.NET.csproj", "{03EE3E7D-9F77-49C7-8263-7A65478F0217}"
EndProject
Project("{FAE04EC0-301F-11D3-BF4B-00C04F79EFBC}") = "Mapify.NET.Tests", "Mapify.NET.Tests\Mapify.NET.Tests.csproj", "{795138E5-9BFC-4AE8-B7D8-01C36C22E30E}"
EndProject
Project("{FAE04EC0-301F-11D3-BF4B-00C04F79EFBC}") = "Mapify.NET.Tests.NetFx", "Mapify.NET.Tests.NetFx\Mapify.NET.Tests.NetFx.csproj", "{B6F3667F-E597-4DC0-B670-C4BD912D5543}"
EndProject
Project("{FAE04EC0-301F-11D3-BF4B-00C04F79EFBC}") = "Mapify.NET.Tests.EFCore", "Mapify.NET.Tests.EFCore\Mapify.NET.Tests.EFCore.csproj", "{2A9A76D6-B266-40B7-8369-E1D77EAD4B28}"
EndProject
Project("{2150E333-8FDC-42A3-9474-1A3956D46DE8}") = "Projektmappenelemente", "Projektmappenelemente", "{A431526C-A836-425C-8686-FD2C80455F34}"
	ProjectSection(SolutionItems) = preProject
		.editorconfig = .editorconfig
		.gitignore = .gitignore
		GitVersion.yml = GitVersion.yml
		LICENSE = LICENSE
	EndProjectSection
EndProject
Project("{FAE04EC0-301F-11D3-BF4B-00C04F79EFBC}") = "Mapify.TestProfiles.ModuleA", "Mapify.TestProfiles.ModuleA\Mapify.TestProfiles.ModuleA.csproj", "{C7BAE35F-AC21-836F-86C4-341B3FB27CBB}"
EndProject
Project("{FAE04EC0-301F-11D3-BF4B-00C04F79EFBC}") = "Mapify.TestProfiles.ModuleB", "Mapify.TestProfiles.ModuleB\Mapify.TestProfiles.ModuleB.csproj", "{29BC632F-E012-ECCE-1B0E-964D8EB53C9C}"
EndProject
Global
	GlobalSection(SolutionConfigurationPlatforms) = preSolution
		Debug|Any CPU = Debug|Any CPU
		Release|Any CPU = Release|Any CPU
	EndGlobalSection
	GlobalSection(ProjectConfigurationPlatforms) = postSolution
		{03EE3E7D-9F77-49C7-8263-7A65478F0217}.Debug|Any CPU.ActiveCfg = Debug|Any CPU
		{03EE3E7D-9F77-49C7-8263-7A65478F0217}.Debug|Any CPU.Build.0 = Debug|Any CPU
		{03EE3E7D-9F77-49C7-8263-7A65478F0217}.Release|Any CPU.ActiveCfg = Release|Any CPU
		{03EE3E7D-9F77-49C7-8263-7A65478F0217}.Release|Any CPU.Build.0 = Release|Any CPU
		{795138E5-9BFC-4AE8-B7D8-01C36C22E30E}.Debug|Any CPU.ActiveCfg = Debug|Any CPU
		{795138E5-9BFC-4AE8-B7D8-01C36C22E30E}.Debug|Any CPU.Build.0 = Debug|Any CPU
		{795138E5-9BFC-4AE8-B7D8-01C36C22E30E}.Release|Any CPU.ActiveCfg = Release|Any CPU
		{795138E5-9BFC-4AE8-B7D8-01C36C22E30E}.Release|Any CPU.Build.0 = Release|Any CPU
		{B6F3667F-E597-4DC0-B670-C4BD912D5543}.Debug|Any CPU.ActiveCfg = Debug|Any CPU
		{B6F3667F-E597-4DC0-B670-C4BD912D5543}.Debug|Any CPU.Build.0 = Debug|Any CPU
		{B6F3667F-E597-4DC0-B670-C4BD912D5543}.Release|Any CPU.ActiveCfg = Release|Any CPU
		{B6F3667F-E597-4DC0-B670-C4BD912D5543}.Release|Any CPU.Build.0 = Release|Any CPU
		{2A9A76D6-B266-40B7-8369-E1D77EAD4B28}.Debug|Any CPU.ActiveCfg = Debug|Any CPU
		{2A9A76D6-B266-40B7-8369-E1D77EAD4B28}.Debug|Any CPU.Build.0 = Debug|Any CPU
		{2A9A76D6-B266-40B7-8369-E1D77EAD4B28}.Release|Any CPU.ActiveCfg = Release|Any CPU
		{2A9A76D6-B266-40B7-8369-E1D77EAD4B28}.Release|Any CPU.Build.0 = Release|Any CPU
		{C7BAE35F-AC21-836F-86C4-341B3FB27CBB}.Debug|Any CPU.ActiveCfg = Debug|Any CPU
		{C7BAE35F-AC21-836F-86C4-341B3FB27CBB}.Debug|Any CPU.Build.0 = Debug|Any CPU
		{C7BAE35F-AC21-836F-86C4-341B3FB27CBB}.Release|Any CPU.ActiveCfg = Release|Any CPU
		{C7BAE35F-AC21-836F-86C4-341B3FB27CBB}.Release|Any CPU.Build.0 = Release|Any CPU
		{29BC632F-E012-ECCE-1B0E-964D8EB53C9C}.Debug|Any CPU.ActiveCfg = Debug|Any CPU
		{29BC632F-E012-ECCE-1B0E-964D8EB53C9C}.Debug|Any CPU.Build.0 = Debug|Any CPU
		{29BC632F-E012-ECCE-1B0E-964D8EB53C9C}.Release|Any CPU.ActiveCfg = Release|Any CPU
		{29BC632F-E012-ECCE-1B0E-964D8EB53C9C}.Release|Any CPU.Build.0 = Release|Any CPU
	EndGlobalSection
	GlobalSection(SolutionProperties) = preSolution
		HideSolutionNode = FALSE
	EndGlobalSection
	GlobalSection(ExtensibilityGlobals) = postSolution
		SolutionGuid = {F444CFD1-4430-48B5-B0FF-51E3E2835819}
	EndGlobalSection
EndGlobal
